// !$*UTF8*$!
{
	archiveVersion = 1;
	classes = {
	};
	objectVersion = 55;
	objects = {

/* Begin PBXBuildFile section */
		110E15D727D48EEE00227D75 /* Date.swift in Sources */ = {isa = PBXBuildFile; fileRef = 110E15D627D48EEE00227D75 /* Date.swift */; };
		11507CF527C0B7F300F216F7 /* AppDelegate.swift in Sources */ = {isa = PBXBuildFile; fileRef = 11507CF427C0B7F300F216F7 /* AppDelegate.swift */; };
		11507CF727C0B7F300F216F7 /* SceneDelegate.swift in Sources */ = {isa = PBXBuildFile; fileRef = 11507CF627C0B7F300F216F7 /* SceneDelegate.swift */; };
		11507CF927C0B7F300F216F7 /* ViewController.swift in Sources */ = {isa = PBXBuildFile; fileRef = 11507CF827C0B7F300F216F7 /* ViewController.swift */; };
		11507CFC27C0B7F300F216F7 /* Main.storyboard in Resources */ = {isa = PBXBuildFile; fileRef = 11507CFA27C0B7F300F216F7 /* Main.storyboard */; };
		11507CFE27C0B7FC00F216F7 /* Assets.xcassets in Resources */ = {isa = PBXBuildFile; fileRef = 11507CFD27C0B7FC00F216F7 /* Assets.xcassets */; };
		11507D0127C0B7FC00F216F7 /* LaunchScreen.storyboard in Resources */ = {isa = PBXBuildFile; fileRef = 11507CFF27C0B7FC00F216F7 /* LaunchScreen.storyboard */; };
		11507D0C27C0B7FD00F216F7 /* VisualNovel2Tests.swift in Sources */ = {isa = PBXBuildFile; fileRef = 11507D0B27C0B7FD00F216F7 /* VisualNovel2Tests.swift */; };
		11507D1627C0B7FD00F216F7 /* VisualNovel2UITests.swift in Sources */ = {isa = PBXBuildFile; fileRef = 11507D1527C0B7FD00F216F7 /* VisualNovel2UITests.swift */; };
		11507D1827C0B7FD00F216F7 /* VisualNovel2UITestsLaunchTests.swift in Sources */ = {isa = PBXBuildFile; fileRef = 11507D1727C0B7FD00F216F7 /* VisualNovel2UITestsLaunchTests.swift */; };
		116D75CB27DA3C6C009BBDB1 /* LooseScreenController.swift in Sources */ = {isa = PBXBuildFile; fileRef = 116D75CA27DA3C6C009BBDB1 /* LooseScreenController.swift */; };
		116D75CD27DA48C5009BBDB1 /* DataSaver.swift in Sources */ = {isa = PBXBuildFile; fileRef = 116D75CC27DA48C5009BBDB1 /* DataSaver.swift */; };
		11EEB51627C6A2C000A9832C /* StoryScreensController.swift in Sources */ = {isa = PBXBuildFile; fileRef = 11EEB51527C6A2C000A9832C /* StoryScreensController.swift */; };
/* End PBXBuildFile section */

/* Begin PBXContainerItemProxy section */
		11507D0827C0B7FC00F216F7 /* PBXContainerItemProxy */ = {
			isa = PBXContainerItemProxy;
			containerPortal = 11507CE927C0B7F300F216F7 /* Project object */;
			proxyType = 1;
			remoteGlobalIDString = 11507CF027C0B7F300F216F7;
			remoteInfo = VisualNovel2;
		};
		11507D1227C0B7FD00F216F7 /* PBXContainerItemProxy */ = {
			isa = PBXContainerItemProxy;
			containerPortal = 11507CE927C0B7F300F216F7 /* Project object */;
			proxyType = 1;
			remoteGlobalIDString = 11507CF027C0B7F300F216F7;
			remoteInfo = VisualNovel2;
		};
/* End PBXContainerItemProxy section */

/* Begin PBXFileReference section */
		110E15D627D48EEE00227D75 /* Date.swift */ = {isa = PBXFileReference; lastKnownFileType = sourcecode.swift; path = Date.swift; sourceTree = "<group>"; };
		11507CF127C0B7F300F216F7 /* VisualNovel2.app */ = {isa = PBXFileReference; explicitFileType = wrapper.application; includeInIndex = 0; path = VisualNovel2.app; sourceTree = BUILT_PRODUCTS_DIR; };
		11507CF427C0B7F300F216F7 /* AppDelegate.swift */ = {isa = PBXFileReference; lastKnownFileType = sourcecode.swift; path = AppDelegate.swift; sourceTree = "<group>"; };
		11507CF627C0B7F300F216F7 /* SceneDelegate.swift */ = {isa = PBXFileReference; lastKnownFileType = sourcecode.swift; path = SceneDelegate.swift; sourceTree = "<group>"; };
		11507CF827C0B7F300F216F7 /* ViewController.swift */ = {isa = PBXFileReference; lastKnownFileType = sourcecode.swift; path = ViewController.swift; sourceTree = "<group>"; };
		11507CFB27C0B7F300F216F7 /* Base */ = {isa = PBXFileReference; lastKnownFileType = file.storyboard; name = Base; path = Base.lproj/Main.storyboard; sourceTree = "<group>"; };
		11507CFD27C0B7FC00F216F7 /* Assets.xcassets */ = {isa = PBXFileReference; lastKnownFileType = folder.assetcatalog; path = Assets.xcassets; sourceTree = "<group>"; };
		11507D0027C0B7FC00F216F7 /* Base */ = {isa = PBXFileReference; lastKnownFileType = file.storyboard; name = Base; path = Base.lproj/LaunchScreen.storyboard; sourceTree = "<group>"; };
		11507D0227C0B7FC00F216F7 /* Info.plist */ = {isa = PBXFileReference; lastKnownFileType = text.plist.xml; path = Info.plist; sourceTree = "<group>"; };
		11507D0727C0B7FC00F216F7 /* VisualNovel2Tests.xctest */ = {isa = PBXFileReference; explicitFileType = wrapper.cfbundle; includeInIndex = 0; path = VisualNovel2Tests.xctest; sourceTree = BUILT_PRODUCTS_DIR; };
		11507D0B27C0B7FD00F216F7 /* VisualNovel2Tests.swift */ = {isa = PBXFileReference; lastKnownFileType = sourcecode.swift; path = VisualNovel2Tests.swift; sourceTree = "<group>"; };
		11507D1127C0B7FD00F216F7 /* VisualNovel2UITests.xctest */ = {isa = PBXFileReference; explicitFileType = wrapper.cfbundle; includeInIndex = 0; path = VisualNovel2UITests.xctest; sourceTree = BUILT_PRODUCTS_DIR; };
		11507D1527C0B7FD00F216F7 /* VisualNovel2UITests.swift */ = {isa = PBXFileReference; lastKnownFileType = sourcecode.swift; path = VisualNovel2UITests.swift; sourceTree = "<group>"; };
		11507D1727C0B7FD00F216F7 /* VisualNovel2UITestsLaunchTests.swift */ = {isa = PBXFileReference; lastKnownFileType = sourcecode.swift; path = VisualNovel2UITestsLaunchTests.swift; sourceTree = "<group>"; };
		116D75CA27DA3C6C009BBDB1 /* LooseScreenController.swift */ = {isa = PBXFileReference; lastKnownFileType = sourcecode.swift; path = LooseScreenController.swift; sourceTree = "<group>"; };
		116D75CC27DA48C5009BBDB1 /* DataSaver.swift */ = {isa = PBXFileReference; lastKnownFileType = sourcecode.swift; path = DataSaver.swift; sourceTree = "<group>"; };
		11EEB51527C6A2C000A9832C /* StoryScreensController.swift */ = {isa = PBXFileReference; lastKnownFileType = sourcecode.swift; path = StoryScreensController.swift; sourceTree = "<group>"; };
/* End PBXFileReference section */

/* Begin PBXFrameworksBuildPhase section */
		11507CEE27C0B7F300F216F7 /* Frameworks */ = {
			isa = PBXFrameworksBuildPhase;
			buildActionMask = 2147483647;
			files = (
			);
			runOnlyForDeploymentPostprocessing = 0;
		};
		11507D0427C0B7FC00F216F7 /* Frameworks */ = {
			isa = PBXFrameworksBuildPhase;
			buildActionMask = 2147483647;
			files = (
			);
			runOnlyForDeploymentPostprocessing = 0;
		};
		11507D0E27C0B7FD00F216F7 /* Frameworks */ = {
			isa = PBXFrameworksBuildPhase;
			buildActionMask = 2147483647;
			files = (
			);
			runOnlyForDeploymentPostprocessing = 0;
		};
/* End PBXFrameworksBuildPhase section */

/* Begin PBXGroup section */
		11507CE827C0B7F300F216F7 = {
			isa = PBXGroup;
			children = (
				11507CF327C0B7F300F216F7 /* VisualNovel2 */,
				11507D0A27C0B7FC00F216F7 /* VisualNovel2Tests */,
				11507D1427C0B7FD00F216F7 /* VisualNovel2UITests */,
				11507CF227C0B7F300F216F7 /* Products */,
			);
			sourceTree = "<group>";
		};
		11507CF227C0B7F300F216F7 /* Products */ = {
			isa = PBXGroup;
			children = (
				11507CF127C0B7F300F216F7 /* VisualNovel2.app */,
				11507D0727C0B7FC00F216F7 /* VisualNovel2Tests.xctest */,
				11507D1127C0B7FD00F216F7 /* VisualNovel2UITests.xctest */,
			);
			name = Products;
			sourceTree = "<group>";
		};
		11507CF327C0B7F300F216F7 /* VisualNovel2 */ = {
			isa = PBXGroup;
			children = (
				11507CF427C0B7F300F216F7 /* AppDelegate.swift */,
				11507CF627C0B7F300F216F7 /* SceneDelegate.swift */,
				11507CF827C0B7F300F216F7 /* ViewController.swift */,
				11507CFA27C0B7F300F216F7 /* Main.storyboard */,
				11507CFD27C0B7FC00F216F7 /* Assets.xcassets */,
				11507CFF27C0B7FC00F216F7 /* LaunchScreen.storyboard */,
				11507D0227C0B7FC00F216F7 /* Info.plist */,
				11EEB51527C6A2C000A9832C /* StoryScreensController.swift */,
				110E15D627D48EEE00227D75 /* Date.swift */,
				116D75CA27DA3C6C009BBDB1 /* LooseScreenController.swift */,
				116D75CC27DA48C5009BBDB1 /* DataSaver.swift */,
			);
			path = VisualNovel2;
			sourceTree = "<group>";
		};
		11507D0A27C0B7FC00F216F7 /* VisualNovel2Tests */ = {
			isa = PBXGroup;
			children = (
				11507D0B27C0B7FD00F216F7 /* VisualNovel2Tests.swift */,
			);
			path = VisualNovel2Tests;
			sourceTree = "<group>";
		};
		11507D1427C0B7FD00F216F7 /* VisualNovel2UITests */ = {
			isa = PBXGroup;
			children = (
				11507D1527C0B7FD00F216F7 /* VisualNovel2UITests.swift */,
				11507D1727C0B7FD00F216F7 /* VisualNovel2UITestsLaunchTests.swift */,
			);
			path = VisualNovel2UITests;
			sourceTree = "<group>";
		};
/* End PBXGroup section */

/* Begin PBXNativeTarget section */
		11507CF027C0B7F300F216F7 /* VisualNovel2 */ = {
			isa = PBXNativeTarget;
			buildConfigurationList = 11507D1B27C0B7FD00F216F7 /* Build configuration list for PBXNativeTarget "VisualNovel2" */;
			buildPhases = (
				11507CED27C0B7F300F216F7 /* Sources */,
				11507CEE27C0B7F300F216F7 /* Frameworks */,
				11507CEF27C0B7F300F216F7 /* Resources */,
			);
			buildRules = (
			);
			dependencies = (
			);
			name = VisualNovel2;
			productName = VisualNovel2;
			productReference = 11507CF127C0B7F300F216F7 /* VisualNovel2.app */;
			productType = "com.apple.product-type.application";
		};
		11507D0627C0B7FC00F216F7 /* VisualNovel2Tests */ = {
			isa = PBXNativeTarget;
			buildConfigurationList = 11507D1E27C0B7FD00F216F7 /* Build configuration list for PBXNativeTarget "VisualNovel2Tests" */;
			buildPhases = (
				11507D0327C0B7FC00F216F7 /* Sources */,
				11507D0427C0B7FC00F216F7 /* Frameworks */,
				11507D0527C0B7FC00F216F7 /* Resources */,
			);
			buildRules = (
			);
			dependencies = (
				11507D0927C0B7FC00F216F7 /* PBXTargetDependency */,
			);
			name = VisualNovel2Tests;
			productName = VisualNovel2Tests;
			productReference = 11507D0727C0B7FC00F216F7 /* VisualNovel2Tests.xctest */;
			productType = "com.apple.product-type.bundle.unit-test";
		};
		11507D1027C0B7FD00F216F7 /* VisualNovel2UITests */ = {
			isa = PBXNativeTarget;
			buildConfigurationList = 11507D2127C0B7FD00F216F7 /* Build configuration list for PBXNativeTarget "VisualNovel2UITests" */;
			buildPhases = (
				11507D0D27C0B7FD00F216F7 /* Sources */,
				11507D0E27C0B7FD00F216F7 /* Frameworks */,
				11507D0F27C0B7FD00F216F7 /* Resources */,
			);
			buildRules = (
			);
			dependencies = (
				11507D1327C0B7FD00F216F7 /* PBXTargetDependency */,
			);
			name = VisualNovel2UITests;
			productName = VisualNovel2UITests;
			productReference = 11507D1127C0B7FD00F216F7 /* VisualNovel2UITests.xctest */;
			productType = "com.apple.product-type.bundle.ui-testing";
		};
/* End PBXNativeTarget section */

/* Begin PBXProject section */
		11507CE927C0B7F300F216F7 /* Project object */ = {
			isa = PBXProject;
			attributes = {
				BuildIndependentTargetsInParallel = 1;
				LastSwiftUpdateCheck = 1320;
				LastUpgradeCheck = 1320;
				TargetAttributes = {
					11507CF027C0B7F300F216F7 = {
						CreatedOnToolsVersion = 13.2.1;
					};
					11507D0627C0B7FC00F216F7 = {
						CreatedOnToolsVersion = 13.2.1;
						TestTargetID = 11507CF027C0B7F300F216F7;
					};
					11507D1027C0B7FD00F216F7 = {
						CreatedOnToolsVersion = 13.2.1;
						TestTargetID = 11507CF027C0B7F300F216F7;
					};
				};
			};
			buildConfigurationList = 11507CEC27C0B7F300F216F7 /* Build configuration list for PBXProject "VisualNovel2" */;
			compatibilityVersion = "Xcode 13.0";
			developmentRegion = en;
			hasScannedForEncodings = 0;
			knownRegions = (
				en,
				Base,
			);
			mainGroup = 11507CE827C0B7F300F216F7;
			productRefGroup = 11507CF227C0B7F300F216F7 /* Products */;
			projectDirPath = "";
			projectRoot = "";
			targets = (
				11507CF027C0B7F300F216F7 /* VisualNovel2 */,
				11507D0627C0B7FC00F216F7 /* VisualNovel2Tests */,
				11507D1027C0B7FD00F216F7 /* VisualNovel2UITests */,
			);
		};
/* End PBXProject section */

/* Begin PBXResourcesBuildPhase section */
		11507CEF27C0B7F300F216F7 /* Resources */ = {
			isa = PBXResourcesBuildPhase;
			buildActionMask = 2147483647;
			files = (
				11507D0127C0B7FC00F216F7 /* LaunchScreen.storyboard in Resources */,
				11507CFE27C0B7FC00F216F7 /* Assets.xcassets in Resources */,
				11507CFC27C0B7F300F216F7 /* Main.storyboard in Resources */,
			);
			runOnlyForDeploymentPostprocessing = 0;
		};
		11507D0527C0B7FC00F216F7 /* Resources */ = {
			isa = PBXResourcesBuildPhase;
			buildActionMask = 2147483647;
			files = (
			);
			runOnlyForDeploymentPostprocessing = 0;
		};
		11507D0F27C0B7FD00F216F7 /* Resources */ = {
			isa = PBXResourcesBuildPhase;
			buildActionMask = 2147483647;
			files = (
			);
			runOnlyForDeploymentPostprocessing = 0;
		};
/* End PBXResourcesBuildPhase section */

/* Begin PBXSourcesBuildPhase section */
		11507CED27C0B7F300F216F7 /* Sources */ = {
			isa = PBXSourcesBuildPhase;
			buildActionMask = 2147483647;
			files = (
				11507CF927C0B7F300F216F7 /* ViewController.swift in Sources */,
				110E15D727D48EEE00227D75 /* Date.swift in Sources */,
				116D75CB27DA3C6C009BBDB1 /* LooseScreenController.swift in Sources */,
				11507CF527C0B7F300F216F7 /* AppDelegate.swift in Sources */,
				116D75CD27DA48C5009BBDB1 /* DataSaver.swift in Sources */,
				11507CF727C0B7F300F216F7 /* SceneDelegate.swift in Sources */,
				11EEB51627C6A2C000A9832C /* StoryScreensController.swift in Sources */,
			);
			runOnlyForDeploymentPostprocessing = 0;
		};
		11507D0327C0B7FC00F216F7 /* Sources */ = {
			isa = PBXSourcesBuildPhase;
			buildActionMask = 2147483647;
			files = (
				11507D0C27C0B7FD00F216F7 /* VisualNovel2Tests.swift in Sources */,
			);
			runOnlyForDeploymentPostprocessing = 0;
		};
		11507D0D27C0B7FD00F216F7 /* Sources */ = {
			isa = PBXSourcesBuildPhase;
			buildActionMask = 2147483647;
			files = (
				11507D1827C0B7FD00F216F7 /* VisualNovel2UITestsLaunchTests.swift in Sources */,
				11507D1627C0B7FD00F216F7 /* VisualNovel2UITests.swift in Sources */,
			);
			runOnlyForDeploymentPostprocessing = 0;
		};
/* End PBXSourcesBuildPhase section */

/* Begin PBXTargetDependency section */
		11507D0927C0B7FC00F216F7 /* PBXTargetDependency */ = {
			isa = PBXTargetDependency;
			target = 11507CF027C0B7F300F216F7 /* VisualNovel2 */;
			targetProxy = 11507D0827C0B7FC00F216F7 /* PBXContainerItemProxy */;
		};
		11507D1327C0B7FD00F216F7 /* PBXTargetDependency */ = {
			isa = PBXTargetDependency;
			target = 11507CF027C0B7F300F216F7 /* VisualNovel2 */;
			targetProxy = 11507D1227C0B7FD00F216F7 /* PBXContainerItemProxy */;
		};
/* End PBXTargetDependency section */

/* Begin PBXVariantGroup section */
		11507CFA27C0B7F300F216F7 /* Main.storyboard */ = {
			isa = PBXVariantGroup;
			children = (
				11507CFB27C0B7F300F216F7 /* Base */,
			);
			name = Main.storyboard;
			sourceTree = "<group>";
		};
		11507CFF27C0B7FC00F216F7 /* LaunchScreen.storyboard */ = {
			isa = PBXVariantGroup;
			children = (
				11507D0027C0B7FC00F216F7 /* Base */,
			);
			name = LaunchScreen.storyboard;
			sourceTree = "<group>";
		};
/* End PBXVariantGroup section */

/* Begin XCBuildConfiguration section */
		11507D1927C0B7FD00F216F7 /* Debug */ = {
			isa = XCBuildConfiguration;
			buildSettings = {
				ALWAYS_SEARCH_USER_PATHS = NO;
				CLANG_ANALYZER_NONNULL = YES;
				CLANG_ANALYZER_NUMBER_OBJECT_CONVERSION = YES_AGGRESSIVE;
				CLANG_CXX_LANGUAGE_STANDARD = "gnu++17";
				CLANG_CXX_LIBRARY = "libc++";
				CLANG_ENABLE_MODULES = YES;
				CLANG_ENABLE_OBJC_ARC = YES;
				CLANG_ENABLE_OBJC_WEAK = YES;
				CLANG_WARN_BLOCK_CAPTURE_AUTORELEASING = YES;
				CLANG_WARN_BOOL_CONVERSION = YES;
				CLANG_WARN_COMMA = YES;
				CLANG_WARN_CONSTANT_CONVERSION = YES;
				CLANG_WARN_DEPRECATED_OBJC_IMPLEMENTATIONS = YES;
				CLANG_WARN_DIRECT_OBJC_ISA_USAGE = YES_ERROR;
				CLANG_WARN_DOCUMENTATION_COMMENTS = YES;
				CLANG_WARN_EMPTY_BODY = YES;
				CLANG_WARN_ENUM_CONVERSION = YES;
				CLANG_WARN_INFINITE_RECURSION = YES;
				CLANG_WARN_INT_CONVERSION = YES;
				CLANG_WARN_NON_LITERAL_NULL_CONVERSION = YES;
				CLANG_WARN_OBJC_IMPLICIT_RETAIN_SELF = YES;
				CLANG_WARN_OBJC_LITERAL_CONVERSION = YES;
				CLANG_WARN_OBJC_ROOT_CLASS = YES_ERROR;
				CLANG_WARN_QUOTED_INCLUDE_IN_FRAMEWORK_HEADER = YES;
				CLANG_WARN_RANGE_LOOP_ANALYSIS = YES;
				CLANG_WARN_STRICT_PROTOTYPES = YES;
				CLANG_WARN_SUSPICIOUS_MOVE = YES;
				CLANG_WARN_UNGUARDED_AVAILABILITY = YES_AGGRESSIVE;
				CLANG_WARN_UNREACHABLE_CODE = YES;
				CLANG_WARN__DUPLICATE_METHOD_MATCH = YES;
				COPY_PHASE_STRIP = NO;
				DEBUG_INFORMATION_FORMAT = dwarf;
				ENABLE_STRICT_OBJC_MSGSEND = YES;
				ENABLE_TESTABILITY = YES;
				GCC_C_LANGUAGE_STANDARD = gnu11;
				GCC_DYNAMIC_NO_PIC = NO;
				GCC_NO_COMMON_BLOCKS = YES;
				GCC_OPTIMIZATION_LEVEL = 0;
				GCC_PREPROCESSOR_DEFINITIONS = (
					"DEBUG=1",
					"$(inherited)",
				);
				GCC_WARN_64_TO_32_BIT_CONVERSION = YES;
				GCC_WARN_ABOUT_RETURN_TYPE = YES_ERROR;
				GCC_WARN_UNDECLARED_SELECTOR = YES;
				GCC_WARN_UNINITIALIZED_AUTOS = YES_AGGRESSIVE;
				GCC_WARN_UNUSED_FUNCTION = YES;
				GCC_WARN_UNUSED_VARIABLE = YES;
				IPHONEOS_DEPLOYMENT_TARGET = 15.2;
				MTL_ENABLE_DEBUG_INFO = INCLUDE_SOURCE;
				MTL_FAST_MATH = YES;
				ONLY_ACTIVE_ARCH = YES;
				SDKROOT = iphoneos;
				SWIFT_ACTIVE_COMPILATION_CONDITIONS = DEBUG;
				SWIFT_OPTIMIZATION_LEVEL = "-Onone";
			};
			name = Debug;
		};
		11507D1A27C0B7FD00F216F7 /* Release */ = {
			isa = XCBuildConfiguration;
			buildSettings = {
				ALWAYS_SEARCH_USER_PATHS = NO;
				CLANG_ANALYZER_NONNULL = YES;
				CLANG_ANALYZER_NUMBER_OBJECT_CONVERSION = YES_AGGRESSIVE;
				CLANG_CXX_LANGUAGE_STANDARD = "gnu++17";
				CLANG_CXX_LIBRARY = "libc++";
				CLANG_ENABLE_MODULES = YES;
				CLANG_ENABLE_OBJC_ARC = YES;
				CLANG_ENABLE_OBJC_WEAK = YES;
				CLANG_WARN_BLOCK_CAPTURE_AUTORELEASING = YES;
				CLANG_WARN_BOOL_CONVERSION = YES;
				CLANG_WARN_COMMA = YES;
				CLANG_WARN_CONSTANT_CONVERSION = YES;
				CLANG_WARN_DEPRECATED_OBJC_IMPLEMENTATIONS = YES;
				CLANG_WARN_DIRECT_OBJC_ISA_USAGE = YES_ERROR;
				CLANG_WARN_DOCUMENTATION_COMMENTS = YES;
				CLANG_WARN_EMPTY_BODY = YES;
				CLANG_WARN_ENUM_CONVERSION = YES;
				CLANG_WARN_INFINITE_RECURSION = YES;
				CLANG_WARN_INT_CONVERSION = YES;
				CLANG_WARN_NON_LITERAL_NULL_CONVERSION = YES;
				CLANG_WARN_OBJC_IMPLICIT_RETAIN_SELF = YES;
				CLANG_WARN_OBJC_LITERAL_CONVERSION = YES;
				CLANG_WARN_OBJC_ROOT_CLASS = YES_ERROR;
				CLANG_WARN_QUOTED_INCLUDE_IN_FRAMEWORK_HEADER = YES;
				CLANG_WARN_RANGE_LOOP_ANALYSIS = YES;
				CLANG_WARN_STRICT_PROTOTYPES = YES;
				CLANG_WARN_SUSPICIOUS_MOVE = YES;
				CLANG_WARN_UNGUARDED_AVAILABILITY = YES_AGGRESSIVE;
				CLANG_WARN_UNREACHABLE_CODE = YES;
				CLANG_WARN__DUPLICATE_METHOD_MATCH = YES;
				COPY_PHASE_STRIP = NO;
				DEBUG_INFORMATION_FORMAT = "dwarf-with-dsym";
				ENABLE_NS_ASSERTIONS = NO;
				ENABLE_STRICT_OBJC_MSGSEND = YES;
				GCC_C_LANGUAGE_STANDARD = gnu11;
				GCC_NO_COMMON_BLOCKS = YES;
				GCC_WARN_64_TO_32_BIT_CONVERSION = YES;
				GCC_WARN_ABOUT_RETURN_TYPE = YES_ERROR;
				GCC_WARN_UNDECLARED_SELECTOR = YES;
				GCC_WARN_UNINITIALIZED_AUTOS = YES_AGGRESSIVE;
				GCC_WARN_UNUSED_FUNCTION = YES;
				GCC_WARN_UNUSED_VARIABLE = YES;
				IPHONEOS_DEPLOYMENT_TARGET = 15.2;
				MTL_ENABLE_DEBUG_INFO = NO;
				MTL_FAST_MATH = YES;
				SDKROOT = iphoneos;
				SWIFT_COMPILATION_MODE = wholemodule;
				SWIFT_OPTIMIZATION_LEVEL = "-O";
				VALIDATE_PRODUCT = YES;
			};
			name = Release;
		};
		11507D1C27C0B7FD00F216F7 /* Debug */ = {
			isa = XCBuildConfiguration;
			buildSettings = {
				ASSETCATALOG_COMPILER_APPICON_NAME = AppIcon;
				ASSETCATALOG_COMPILER_GLOBAL_ACCENT_COLOR_NAME = AccentColor;
				CODE_SIGN_STYLE = Automatic;
				CURRENT_PROJECT_VERSION = 1;
				GENERATE_INFOPLIST_FILE = YES;
				INFOPLIST_FILE = VisualNovel2/Info.plist;
				INFOPLIST_KEY_UIApplicationSupportsIndirectInputEvents = YES;
				INFOPLIST_KEY_UILaunchStoryboardName = LaunchScreen;
				INFOPLIST_KEY_UIMainStoryboardFile = Main;
				INFOPLIST_KEY_UISupportedInterfaceOrientations_iPad = "UIInterfaceOrientationPortrait UIInterfaceOrientationPortraitUpsideDown UIInterfaceOrientationLandscapeLeft UIInterfaceOrientationLandscapeRight";
				INFOPLIST_KEY_UISupportedInterfaceOrientations_iPhone = "UIInterfaceOrientationPortrait UIInterfaceOrientationLandscapeLeft UIInterfaceOrientationLandscapeRight";
				LD_RUNPATH_SEARCH_PATHS = (
					"$(inherited)",
					"@executable_path/Frameworks",
				);
				MARKETING_VERSION = 1.0;
				PRODUCT_BUNDLE_IDENTIFIER = Me.VisualNovel2;
				PRODUCT_NAME = "$(TARGET_NAME)";
				SWIFT_EMIT_LOC_STRINGS = YES;
				SWIFT_VERSION = 5.0;
				TARGETED_DEVICE_FAMILY = "1,2";
			};
			name = Debug;
		};
		11507D1D27C0B7FD00F216F7 /* Release */ = {
			isa = XCBuildConfiguration;
			buildSettings = {
				ASSETCATALOG_COMPILER_APPICON_NAME = AppIcon;
				ASSETCATALOG_COMPILER_GLOBAL_ACCENT_COLOR_NAME = AccentColor;
				CODE_SIGN_STYLE = Automatic;
				CURRENT_PROJECT_VERSION = 1;
				GENERATE_INFOPLIST_FILE = YES;
				INFOPLIST_FILE = VisualNovel2/Info.plist;
				INFOPLIST_KEY_UIApplicationSupportsIndirectInputEvents = YES;
				INFOPLIST_KEY_UILaunchStoryboardName = LaunchScreen;
				INFOPLIST_KEY_UIMainStoryboardFile = Main;
				INFOPLIST_KEY_UISupportedInterfaceOrientations_iPad = "UIInterfaceOrientationPortrait UIInterfaceOrientationPortraitUpsideDown UIInterfaceOrientationLandscapeLeft UIInterfaceOrientationLandscapeRight";
				INFOPLIST_KEY_UISupportedInterfaceOrientations_iPhone = "UIInterfaceOrientationPortrait UIInterfaceOrientationLandscapeLeft UIInterfaceOrientationLandscapeRight";
				LD_RUNPATH_SEARCH_PATHS = (
					"$(inherited)",
					"@executable_path/Frameworks",
				);
				MARKETING_VERSION = 1.0;
				PRODUCT_BUNDLE_IDENTIFIER = Me.VisualNovel2;
				PRODUCT_NAME = "$(TARGET_NAME)";
				SWIFT_EMIT_LOC_STRINGS = YES;
				SWIFT_VERSION = 5.0;
				TARGETED_DEVICE_FAMILY = "1,2";
			};
			name = Release;
		};
		11507D1F27C0B7FD00F216F7 /* Debug */ = {
			isa = XCBuildConfiguration;
			buildSettings = {
				ALWAYS_EMBED_SWIFT_STANDARD_LIBRARIES = YES;
				BUNDLE_LOADER = "$(TEST_HOST)";
				CODE_SIGN_STYLE = Automatic;
				CURRENT_PROJECT_VERSION = 1;
				GENERATE_INFOPLIST_FILE = YES;
				IPHONEOS_DEPLOYMENT_TARGET = 15.2;
				MARKETING_VERSION = 1.0;
				PRODUCT_BUNDLE_IDENTIFIER = Me.VisualNovel2Tests;
				PRODUCT_NAME = "$(TARGET_NAME)";
				SWIFT_EMIT_LOC_STRINGS = NO;
				SWIFT_VERSION = 5.0;
				TARGETED_DEVICE_FAMILY = "1,2";
				TEST_HOST = "$(BUILT_PRODUCTS_DIR)/VisualNovel2.app/VisualNovel2";
			};
			name = Debug;
		};
		11507D2027C0B7FD00F216F7 /* Release */ = {
			isa = XCBuildConfiguration;
			buildSettings = {
				ALWAYS_EMBED_SWIFT_STANDARD_LIBRARIES = YES;
				BUNDLE_LOADER = "$(TEST_HOST)";
				CODE_SIGN_STYLE = Automatic;
				CURRENT_PROJECT_VERSION = 1;
				GENERATE_INFOPLIST_FILE = YES;
				IPHONEOS_DEPLOYMENT_TARGET = 15.2;
				MARKETING_VERSION = 1.0;
				PRODUCT_BUNDLE_IDENTIFIER = Me.VisualNovel2Tests;
				PRODUCT_NAME = "$(TARGET_NAME)";
				SWIFT_EMIT_LOC_STRINGS = NO;
				SWIFT_VERSION = 5.0;
				TARGETED_DEVICE_FAMILY = "1,2";
				TEST_HOST = "$(BUILT_PRODUCTS_DIR)/VisualNovel2.app/VisualNovel2";
			};
			name = Release;
		};
		11507D2227C0B7FD00F216F7 /* Debug */ = {
			isa = XCBuildConfiguration;
			buildSettings = {
				ALWAYS_EMBED_SWIFT_STANDARD_LIBRARIES = YES;
				CODE_SIGN_STYLE = Automatic;
				CURRENT_PROJECT_VERSION = 1;
				GENERATE_INFOPLIST_FILE = YES;
				MARKETING_VERSION = 1.0;
				PRODUCT_BUNDLE_IDENTIFIER = Me.VisualNovel2UITests;
				PRODUCT_NAME = "$(TARGET_NAME)";
				SWIFT_EMIT_LOC_STRINGS = NO;
				SWIFT_VERSION = 5.0;
				TARGETED_DEVICE_FAMILY = "1,2";
				TEST_TARGET_NAME = VisualNovel2;
			};
			name = Debug;
		};
		11507D2327C0B7FD00F216F7 /* Release */ = {
			isa = XCBuildConfiguration;
			buildSettings = {
				ALWAYS_EMBED_SWIFT_STANDARD_LIBRARIES = YES;
				CODE_SIGN_STYLE = Automatic;
				CURRENT_PROJECT_VERSION = 1;
				GENERATE_INFOPLIST_FILE = YES;
				MARKETING_VERSION = 1.0;
				PRODUCT_BUNDLE_IDENTIFIER = Me.VisualNovel2UITests;
				PRODUCT_NAME = "$(TARGET_NAME)";
				SWIFT_EMIT_LOC_STRINGS = NO;
				SWIFT_VERSION = 5.0;
				TARGETED_DEVICE_FAMILY = "1,2";
				TEST_TARGET_NAME = VisualNovel2;
			};
			name = Release;
		};
/* End XCBuildConfiguration section */

/* Begin XCConfigurationList section */
		11507CEC27C0B7F300F216F7 /* Build configuration list for PBXProject "VisualNovel2" */ = {
			isa = XCConfigurationList;
			buildConfigurations = (
				11507D1927C0B7FD00F216F7 /* Debug */,
				11507D1A27C0B7FD00F216F7 /* Release */,
			);
			defaultConfigurationIsVisible = 0;
			defaultConfigurationName = Release;
		};
		11507D1B27C0B7FD00F216F7 /* Build configuration list for PBXNativeTarget "VisualNovel2" */ = {
			isa = XCConfigurationList;
			buildConfigurations = (
				11507D1C27C0B7FD00F216F7 /* Debug */,
				11507D1D27C0B7FD00F216F7 /* Release */,
			);
			defaultConfigurationIsVisible = 0;
			defaultConfigurationName = Release;
		};
		11507D1E27C0B7FD00F216F7 /* Build configuration list for PBXNativeTarget "VisualNovel2Tests" */ = {
			isa = XCConfigurationList;
			buildConfigurations = (
				11507D1F27C0B7FD00F216F7 /* Debug */,
				11507D2027C0B7FD00F216F7 /* Release */,
			);
			defaultConfigurationIsVisible = 0;
			defaultConfigurationName = Release;
		};
		11507D2127C0B7FD00F216F7 /* Build configuration list for PBXNativeTarget "VisualNovel2UITests" */ = {
			isa = XCConfigurationList;
			buildConfigurations = (
				11507D2227C0B7FD00F216F7 /* Debug */,
				11507D2327C0B7FD00F216F7 /* Release */,
			);
			defaultConfigurationIsVisible = 0;
			defaultConfigurationName = Release;
		};
/* End XCConfigurationList section */
	};
	rootObject = 11507CE927C0B7F300F216F7 /* Project object */;
}
