<?xml version="1.0" encoding="UTF-8"?>
<Scheme
   version = "1.3">
   <BuildAction>
      <BuildActionEntries>
         <BuildActionEntry
            buildForRunning = "YES">
            <BuildableReference
               BuildableIdentifier = "primary"
               BlueprintIdentifier = "11507CF027C0B7F300F216F7"
               BuildableName = "VisualNovel2.app"
               BlueprintName = "VisualNovel2"
               ReferencedContainer = "container:VisualNovel2.xcodeproj">
            </BuildableReference>
         </BuildActionEntry>
      </BuildActionEntries>
   </BuildAction>
   <LaunchAction
      useCustomWorkingDirectory = "NO"
      buildConfiguration = "Debug"
      allowLocationSimulation = "YES">
      <BuildableProductRunnable>
         <BuildableReference
            BuildableIdentifier = "primary"
            BlueprintIdentifier = "11507CF027C0B7F300F216F7"
            BuildableName = "VisualNovel2.app"
            BlueprintName = "VisualNovel2"
            ReferencedContainer = "container:VisualNovel2.xcodeproj">
         </BuildableReference>
      </BuildableProductRunnable>
   </LaunchAction>
</Scheme>
